
Microsoft Visual Studio Solution File, Format Version 12.00
# Visual Studio Version 17
VisualStudioVersion = 17.9.34728.123
MinimumVisualStudioVersion = 10.0.40219.1
Project("{FAE04EC0-301F-11D3-BF4B-00C04F79EFBC}") = "ProyectoEmpresarial", "ProyectoEmpresarial\ProyectoEmpresarial.csproj", "{4D7B21E1-4C40-4302-8309-8A2F502493E6}"
EndProject
Global
	GlobalSection(SolutionConfigurationPlatforms) = preSolution
		Debug|Any CPU = Debug|Any CPU
		Release|Any CPU = Release|Any CPU
	EndGlobalSection
	GlobalSection(ProjectConfigurationPlatforms) = postSolution
		{4D7B21E1-4C40-4302-8309-8A2F502493E6}.Debug|Any CPU.ActiveCfg = Debug|Any CPU
		{4D7B21E1-4C40-4302-8309-8A2F502493E6}.Debug|Any CPU.Build.0 = Debug|Any CPU
		{4D7B21E1-4C40-4302-8309-8A2F502493E6}.Release|Any CPU.ActiveCfg = Release|Any CPU
		{4D7B21E1-4C40-4302-8309-8A2F502493E6}.Release|Any CPU.Build.0 = Release|Any CPU
	EndGlobalSection
	GlobalSection(SolutionProperties) = preSolution
		HideSolutionNode = FALSE
	EndGlobalSection
	GlobalSection(ExtensibilityGlobals) = postSolution
		SolutionGuid = {4AD74F5A-085B-4127-9AFE-EBA7A16B14A9}
	EndGlobalSection
EndGlobal
